
Microsoft Visual Studio Solution File, Format Version 12.00
# Visual Studio 15
VisualStudioVersion = 15.0.28307.1684
MinimumVisualStudioVersion = 10.0.40219.1
Project("{FAE04EC0-301F-11D3-BF4B-00C04F79EFBC}") = "WebDuLich", "WebDuLich\WebDuLich.csproj", "{B613DE34-CDD3-40B5-8374-559E9CB7537B}"
EndProject
Global
	GlobalSection(SolutionConfigurationPlatforms) = preSolution
		Debug|Any CPU = Debug|Any CPU
		Release|Any CPU = Release|Any CPU
	EndGlobalSection
	GlobalSection(ProjectConfigurationPlatforms) = postSolution
		{B613DE34-CDD3-40B5-8374-559E9CB7537B}.Debug|Any CPU.ActiveCfg = Debug|Any CPU
		{B613DE34-CDD3-40B5-8374-559E9CB7537B}.Debug|Any CPU.Build.0 = Debug|Any CPU
		{B613DE34-CDD3-40B5-8374-559E9CB7537B}.Release|Any CPU.ActiveCfg = Release|Any CPU
		{B613DE34-CDD3-40B5-8374-559E9CB7537B}.Release|Any CPU.Build.0 = Release|Any CPU
	EndGlobalSection
	GlobalSection(SolutionProperties) = preSolution
		HideSolutionNode = FALSE
	EndGlobalSection
	GlobalSection(ExtensibilityGlobals) = postSolution
		SolutionGuid = {C3F7D14F-6B0E-444A-8AEF-C4F2F3E5C85D}
	EndGlobalSection
EndGlobal
